
Microsoft Visual Studio Solution File, Format Version 12.00
# Visual Studio 15
VisualStudioVersion = 15.0.28010.2026
MinimumVisualStudioVersion = 10.0.40219.1
Project("{FAE04EC0-301F-11D3-BF4B-00C04F79EFBC}") = "CurrencyCalculator", "CurrencyCalculator\CurrencyCalculator.csproj", "{B23087C9-5767-40C3-ABC4-B0FDF20379C7}"
EndProject
Global
	GlobalSection(SolutionConfigurationPlatforms) = preSolution
		Debug|Any CPU = Debug|Any CPU
		Release|Any CPU = Release|Any CPU
	EndGlobalSection
	GlobalSection(ProjectConfigurationPlatforms) = postSolution
		{B23087C9-5767-40C3-ABC4-B0FDF20379C7}.Debug|Any CPU.ActiveCfg = Debug|Any CPU
		{B23087C9-5767-40C3-ABC4-B0FDF20379C7}.Debug|Any CPU.Build.0 = Debug|Any CPU
		{B23087C9-5767-40C3-ABC4-B0FDF20379C7}.Release|Any CPU.ActiveCfg = Release|Any CPU
		{B23087C9-5767-40C3-ABC4-B0FDF20379C7}.Release|Any CPU.Build.0 = Release|Any CPU
	EndGlobalSection
	GlobalSection(SolutionProperties) = preSolution
		HideSolutionNode = FALSE
	EndGlobalSection
	GlobalSection(ExtensibilityGlobals) = postSolution
		SolutionGuid = {39D185C4-FB59-4D86-8793-7C8DE3DEEE4C}
	EndGlobalSection
EndGlobal
